# THIS IS AN AUTOGENERATED FILE. DO NOT EDIT THIS FILE DIRECTLY.
# yarn lockfile v1


graphql@^0.13.2:
  version "0.13.2"
  resolved "https://registry.yarnpkg.com/graphql/-/graphql-0.13.2.tgz#4c740ae3c222823e7004096f832e7b93b2108270"
  dependencies:
    iterall "^1.2.1"

iterall@^1.2.1:
  version "1.2.2"
  resolved "https://registry.yarnpkg.com/iterall/-/iterall-1.2.2.tgz#92d70deb8028e0c39ff3164fdbf4d8b088130cd7"

ramda@^0.25.0:
  version "0.25.0"
  resolved "https://registry.yarnpkg.com/ramda/-/ramda-0.25.0.tgz#8fdf68231cffa90bc2f9460390a0cb74a29b29a9"

serverless-appsync-plugin@^1.0.4:
  version "1.0.4"
  resolved "https://registry.yarnpkg.com/serverless-appsync-plugin/-/serverless-appsync-plugin-1.0.4.tgz#c01ad52793a7126767f77a0ef871ec14916c7941"
  dependencies:
    graphql "^0.13.2"
    ramda "^0.25.0"
